
Microsoft Visual Studio Solution File, Format Version 12.00
# Visual Studio Version 17
VisualStudioVersion = 17.0.31912.275
MinimumVisualStudioVersion = 10.0.40219.1
Project("{9A19103F-16F7-4668-BE54-9A1E7A4F7556}") = "OtakuLib.WPF.Host", "OtakuLib.WFP.Host\OtakuLib.WPF.Host.csproj", "{5ADC227D-1C55-4D2B-A406-80ACDA512998}"
EndProject
Project("{9A19103F-16F7-4668-BE54-9A1E7A4F7556}") = "OtakuLib.Logic", "OtakuLib.Logic\OtakuLib.Logic.csproj", "{1288DC6C-A43D-4FCE-9F64-A07305F724B5}"
EndProject
Project("{9A19103F-16F7-4668-BE54-9A1E7A4F7556}") = "OtakuLib.WPF", "OtakuLib.WFP\OtakuLib.WPF.csproj", "{6303F840-F315-41EA-9375-4B104E1BD2FC}"
EndProject
Project("{2150E333-8FDC-42A3-9474-1A3956D46DE8}") = "Solution Items", "Solution Items", "{D1B648ED-D3E8-44BA-8A19-1001D60D6838}"
	ProjectSection(SolutionItems) = preProject
		Directory.Build.props = Directory.Build.props
	EndProjectSection
EndProject
Project("{9A19103F-16F7-4668-BE54-9A1E7A4F7556}") = "GihanSoft.AppBase", "GihanSoft.AppBase\GihanSoft.AppBase.csproj", "{71B88804-3DB9-42B6-AF2D-FFB5A9CEC761}"
EndProject
Project("{9A19103F-16F7-4668-BE54-9A1E7A4F7556}") = "OtakuLib.MangaSourceBase", "OtakuLib.MangaSource\OtakuLib.MangaSourceBase.csproj", "{73E9D665-CED8-4291-BFFE-DAAC02D1D806}"
EndProject
Project("{9A19103F-16F7-4668-BE54-9A1E7A4F7556}") = "GihanSoft.MangaSources", "GihanSoft.MangaSources\GihanSoft.MangaSources.csproj", "{091E212A-2E2E-40BE-B586-CA08D48BDF1A}"
EndProject
Project("{9A19103F-16F7-4668-BE54-9A1E7A4F7556}") = "GihanSoft.Navigation.Abstraction", "GihanSoft.Navigation\GihanSoft.Navigation.Abstraction\GihanSoft.Navigation.Abstraction.csproj", "{DFA4E939-E2A8-4BCB-A81B-0456FD691DF7}"
EndProject
Project("{9A19103F-16F7-4668-BE54-9A1E7A4F7556}") = "GihanSoft.Navigation.WPF", "GihanSoft.Navigation\GihanSoft.Navigation.WPF\GihanSoft.Navigation.WPF.csproj", "{09F80EBD-E59B-4AEE-98D5-CB885C76EF9D}"
EndProject
Project("{2150E333-8FDC-42A3-9474-1A3956D46DE8}") = "Navigation", "Navigation", "{31B5AB6B-1283-408C-975A-66A2D5BDAB07}"
EndProject
Global
	GlobalSection(SolutionConfigurationPlatforms) = preSolution
		Debug|Any CPU = Debug|Any CPU
		Debug|x64 = Debug|x64
		Debug|x86 = Debug|x86
		Release|Any CPU = Release|Any CPU
		Release|x64 = Release|x64
		Release|x86 = Release|x86
	EndGlobalSection
	GlobalSection(ProjectConfigurationPlatforms) = postSolution
		{5ADC227D-1C55-4D2B-A406-80ACDA512998}.Debug|Any CPU.ActiveCfg = Debug|Any CPU
		{5ADC227D-1C55-4D2B-A406-80ACDA512998}.Debug|Any CPU.Build.0 = Debug|Any CPU
		{5ADC227D-1C55-4D2B-A406-80ACDA512998}.Debug|x64.ActiveCfg = Debug|Any CPU
		{5ADC227D-1C55-4D2B-A406-80ACDA512998}.Debug|x64.Build.0 = Debug|Any CPU
		{5ADC227D-1C55-4D2B-A406-80ACDA512998}.Debug|x86.ActiveCfg = Debug|Any CPU
		{5ADC227D-1C55-4D2B-A406-80ACDA512998}.Debug|x86.Build.0 = Debug|Any CPU
		{5ADC227D-1C55-4D2B-A406-80ACDA512998}.Release|Any CPU.ActiveCfg = Release|Any CPU
		{5ADC227D-1C55-4D2B-A406-80ACDA512998}.Release|Any CPU.Build.0 = Release|Any CPU
		{5ADC227D-1C55-4D2B-A406-80ACDA512998}.Release|x64.ActiveCfg = Release|Any CPU
		{5ADC227D-1C55-4D2B-A406-80ACDA512998}.Release|x64.Build.0 = Release|Any CPU
		{5ADC227D-1C55-4D2B-A406-80ACDA512998}.Release|x86.ActiveCfg = Release|Any CPU
		{5ADC227D-1C55-4D2B-A406-80ACDA512998}.Release|x86.Build.0 = Release|Any CPU
		{1288DC6C-A43D-4FCE-9F64-A07305F724B5}.Debug|Any CPU.ActiveCfg = Debug|Any CPU
		{1288DC6C-A43D-4FCE-9F64-A07305F724B5}.Debug|Any CPU.Build.0 = Debug|Any CPU
		{1288DC6C-A43D-4FCE-9F64-A07305F724B5}.Debug|x64.ActiveCfg = Debug|Any CPU
		{1288DC6C-A43D-4FCE-9F64-A07305F724B5}.Debug|x64.Build.0 = Debug|Any CPU
		{1288DC6C-A43D-4FCE-9F64-A07305F724B5}.Debug|x86.ActiveCfg = Debug|Any CPU
		{1288DC6C-A43D-4FCE-9F64-A07305F724B5}.Debug|x86.Build.0 = Debug|Any CPU
		{1288DC6C-A43D-4FCE-9F64-A07305F724B5}.Release|Any CPU.ActiveCfg = Release|Any CPU
		{1288DC6C-A43D-4FCE-9F64-A07305F724B5}.Release|Any CPU.Build.0 = Release|Any CPU
		{1288DC6C-A43D-4FCE-9F64-A07305F724B5}.Release|x64.ActiveCfg = Release|Any CPU
		{1288DC6C-A43D-4FCE-9F64-A07305F724B5}.Release|x64.Build.0 = Release|Any CPU
		{1288DC6C-A43D-4FCE-9F64-A07305F724B5}.Release|x86.ActiveCfg = Release|Any CPU
		{1288DC6C-A43D-4FCE-9F64-A07305F724B5}.Release|x86.Build.0 = Release|Any CPU
		{6303F840-F315-41EA-9375-4B104E1BD2FC}.Debug|Any CPU.ActiveCfg = Debug|Any CPU
		{6303F840-F315-41EA-9375-4B104E1BD2FC}.Debug|Any CPU.Build.0 = Debug|Any CPU
		{6303F840-F315-41EA-9375-4B104E1BD2FC}.Debug|x64.ActiveCfg = Debug|Any CPU
		{6303F840-F315-41EA-9375-4B104E1BD2FC}.Debug|x64.Build.0 = Debug|Any CPU
		{6303F840-F315-41EA-9375-4B104E1BD2FC}.Debug|x86.ActiveCfg = Debug|Any CPU
		{6303F840-F315-41EA-9375-4B104E1BD2FC}.Debug|x86.Build.0 = Debug|Any CPU
		{6303F840-F315-41EA-9375-4B104E1BD2FC}.Release|Any CPU.ActiveCfg = Release|Any CPU
		{6303F840-F315-41EA-9375-4B104E1BD2FC}.Release|Any CPU.Build.0 = Release|Any CPU
		{6303F840-F315-41EA-9375-4B104E1BD2FC}.Release|x64.ActiveCfg = Release|Any CPU
		{6303F840-F315-41EA-9375-4B104E1BD2FC}.Release|x64.Build.0 = Release|Any CPU
		{6303F840-F315-41EA-9375-4B104E1BD2FC}.Release|x86.ActiveCfg = Release|Any CPU
		{6303F840-F315-41EA-9375-4B104E1BD2FC}.Release|x86.Build.0 = Release|Any CPU
		{71B88804-3DB9-42B6-AF2D-FFB5A9CEC761}.Debug|Any CPU.ActiveCfg = Debug|Any CPU
		{71B88804-3DB9-42B6-AF2D-FFB5A9CEC761}.Debug|Any CPU.Build.0 = Debug|Any CPU
		{71B88804-3DB9-42B6-AF2D-FFB5A9CEC761}.Debug|x64.ActiveCfg = Debug|Any CPU
		{71B88804-3DB9-42B6-AF2D-FFB5A9CEC761}.Debug|x64.Build.0 = Debug|Any CPU
		{71B88804-3DB9-42B6-AF2D-FFB5A9CEC761}.Debug|x86.ActiveCfg = Debug|Any CPU
		{71B88804-3DB9-42B6-AF2D-FFB5A9CEC761}.Debug|x86.Build.0 = Debug|Any CPU
		{71B88804-3DB9-42B6-AF2D-FFB5A9CEC761}.Release|Any CPU.ActiveCfg = Release|Any CPU
		{71B88804-3DB9-42B6-AF2D-FFB5A9CEC761}.Release|Any CPU.Build.0 = Release|Any CPU
		{71B88804-3DB9-42B6-AF2D-FFB5A9CEC761}.Release|x64.ActiveCfg = Release|Any CPU
		{71B88804-3DB9-42B6-AF2D-FFB5A9CEC761}.Release|x64.Build.0 = Release|Any CPU
		{71B88804-3DB9-42B6-AF2D-FFB5A9CEC761}.Release|x86.ActiveCfg = Release|Any CPU
		{71B88804-3DB9-42B6-AF2D-FFB5A9CEC761}.Release|x86.Build.0 = Release|Any CPU
		{73E9D665-CED8-4291-BFFE-DAAC02D1D806}.Debug|Any CPU.ActiveCfg = Debug|Any CPU
		{73E9D665-CED8-4291-BFFE-DAAC02D1D806}.Debug|Any CPU.Build.0 = Debug|Any CPU
		{73E9D665-CED8-4291-BFFE-DAAC02D1D806}.Debug|x64.ActiveCfg = Debug|Any CPU
		{73E9D665-CED8-4291-BFFE-DAAC02D1D806}.Debug|x64.Build.0 = Debug|Any CPU
		{73E9D665-CED8-4291-BFFE-DAAC02D1D806}.Debug|x86.ActiveCfg = Debug|Any CPU
		{73E9D665-CED8-4291-BFFE-DAAC02D1D806}.Debug|x86.Build.0 = Debug|Any CPU
		{73E9D665-CED8-4291-BFFE-DAAC02D1D806}.Release|Any CPU.ActiveCfg = Release|Any CPU
		{73E9D665-CED8-4291-BFFE-DAAC02D1D806}.Release|Any CPU.Build.0 = Release|Any CPU
		{73E9D665-CED8-4291-BFFE-DAAC02D1D806}.Release|x64.ActiveCfg = Release|Any CPU
		{73E9D665-CED8-4291-BFFE-DAAC02D1D806}.Release|x64.Build.0 = Release|Any CPU
		{73E9D665-CED8-4291-BFFE-DAAC02D1D806}.Release|x86.ActiveCfg = Release|Any CPU
		{73E9D665-CED8-4291-BFFE-DAAC02D1D806}.Release|x86.Build.0 = Release|Any CPU
		{091E212A-2E2E-40BE-B586-CA08D48BDF1A}.Debug|Any CPU.ActiveCfg = Debug|Any CPU
		{091E212A-2E2E-40BE-B586-CA08D48BDF1A}.Debug|Any CPU.Build.0 = Debug|Any CPU
		{091E212A-2E2E-40BE-B586-CA08D48BDF1A}.Debug|x64.ActiveCfg = Debug|Any CPU
		{091E212A-2E2E-40BE-B586-CA08D48BDF1A}.Debug|x64.Build.0 = Debug|Any CPU
		{091E212A-2E2E-40BE-B586-CA08D48BDF1A}.Debug|x86.ActiveCfg = Debug|Any CPU
		{091E212A-2E2E-40BE-B586-CA08D48BDF1A}.Debug|x86.Build.0 = Debug|Any CPU
		{091E212A-2E2E-40BE-B586-CA08D48BDF1A}.Release|Any CPU.ActiveCfg = Release|Any CPU
		{091E212A-2E2E-40BE-B586-CA08D48BDF1A}.Release|Any CPU.Build.0 = Release|Any CPU
		{091E212A-2E2E-40BE-B586-CA08D48BDF1A}.Release|x64.ActiveCfg = Release|Any CPU
		{091E212A-2E2E-40BE-B586-CA08D48BDF1A}.Release|x64.Build.0 = Release|Any CPU
		{091E212A-2E2E-40BE-B586-CA08D48BDF1A}.Release|x86.ActiveCfg = Release|Any CPU
		{091E212A-2E2E-40BE-B586-CA08D48BDF1A}.Release|x86.Build.0 = Release|Any CPU
		{DFA4E939-E2A8-4BCB-A81B-0456FD691DF7}.Debug|Any CPU.ActiveCfg = Debug|Any CPU
		{DFA4E939-E2A8-4BCB-A81B-0456FD691DF7}.Debug|Any CPU.Build.0 = Debug|Any CPU
		{DFA4E939-E2A8-4BCB-A81B-0456FD691DF7}.Debug|x64.ActiveCfg = Debug|Any CPU
		{DFA4E939-E2A8-4BCB-A81B-0456FD691DF7}.Debug|x64.Build.0 = Debug|Any CPU
		{DFA4E939-E2A8-4BCB-A81B-0456FD691DF7}.Debug|x86.ActiveCfg = Debug|Any CPU
		{DFA4E939-E2A8-4BCB-A81B-0456FD691DF7}.Debug|x86.Build.0 = Debug|Any CPU
		{DFA4E939-E2A8-4BCB-A81B-0456FD691DF7}.Release|Any CPU.ActiveCfg = Release|Any CPU
		{DFA4E939-E2A8-4BCB-A81B-0456FD691DF7}.Release|Any CPU.Build.0 = Release|Any CPU
		{DFA4E939-E2A8-4BCB-A81B-0456FD691DF7}.Release|x64.ActiveCfg = Release|Any CPU
		{DFA4E939-E2A8-4BCB-A81B-0456FD691DF7}.Release|x64.Build.0 = Release|Any CPU
		{DFA4E939-E2A8-4BCB-A81B-0456FD691DF7}.Release|x86.ActiveCfg = Release|Any CPU
		{DFA4E939-E2A8-4BCB-A81B-0456FD691DF7}.Release|x86.Build.0 = Release|Any CPU
		{09F80EBD-E59B-4AEE-98D5-CB885C76EF9D}.Debug|Any CPU.ActiveCfg = Debug|Any CPU
		{09F80EBD-E59B-4AEE-98D5-CB885C76EF9D}.Debug|Any CPU.Build.0 = Debug|Any CPU
		{09F80EBD-E59B-4AEE-98D5-CB885C76EF9D}.Debug|x64.ActiveCfg = Debug|Any CPU
		{09F80EBD-E59B-4AEE-98D5-CB885C76EF9D}.Debug|x64.Build.0 = Debug|Any CPU
		{09F80EBD-E59B-4AEE-98D5-CB885C76EF9D}.Debug|x86.ActiveCfg = Debug|Any CPU
		{09F80EBD-E59B-4AEE-98D5-CB885C76EF9D}.Debug|x86.Build.0 = Debug|Any CPU
		{09F80EBD-E59B-4AEE-98D5-CB885C76EF9D}.Release|Any CPU.ActiveCfg = Release|Any CPU
		{09F80EBD-E59B-4AEE-98D5-CB885C76EF9D}.Release|Any CPU.Build.0 = Release|Any CPU
		{09F80EBD-E59B-4AEE-98D5-CB885C76EF9D}.Release|x64.ActiveCfg = Release|Any CPU
		{09F80EBD-E59B-4AEE-98D5-CB885C76EF9D}.Release|x64.Build.0 = Release|Any CPU
		{09F80EBD-E59B-4AEE-98D5-CB885C76EF9D}.Release|x86.ActiveCfg = Release|Any CPU
		{09F80EBD-E59B-4AEE-98D5-CB885C76EF9D}.Release|x86.Build.0 = Release|Any CPU
	EndGlobalSection
	GlobalSection(SolutionProperties) = preSolution
		HideSolutionNode = FALSE
	EndGlobalSection
	GlobalSection(NestedProjects) = preSolution
		{DFA4E939-E2A8-4BCB-A81B-0456FD691DF7} = {31B5AB6B-1283-408C-975A-66A2D5BDAB07}
		{09F80EBD-E59B-4AEE-98D5-CB885C76EF9D} = {31B5AB6B-1283-408C-975A-66A2D5BDAB07}
	EndGlobalSection
	GlobalSection(ExtensibilityGlobals) = postSolution
		SolutionGuid = {A390AA94-2683-4449-84A9-5843717DFD55}
	EndGlobalSection
EndGlobal
